PODS:
  - FlutterMacOS (1.0.0)
  - LycheePlayer (0.0.1):
    - FlutterMacOS
  - path_provider_macos (0.0.1):
    - FlutterMacOS

DEPENDENCIES:
  - FlutterMacOS (from `Flutter/ephemeral`)
  - LycheePlayer (from `./Library/LycheePlayer`)
  - path_provider_macos (from `Flutter/ephemeral/.symlinks/plugins/path_provider_macos/macos`)

EXTERNAL SOURCES:
  FlutterMacOS:
    :path: Flutter/ephemeral
  LycheePlayer:
    :path: "./Library/LycheePlayer"
  path_provider_macos:
    :path: Flutter/ephemeral/.symlinks/plugins/path_provider_macos/macos

SPEC CHECKSUMS:
  FlutterMacOS: 57701585bf7de1b3fc2bb61f6378d73bbdea8424
  LycheePlayer: f7a79d23ad22556bec9b4e1ba6144a2cbc3b0de2
  path_provider_macos: a0a3fd666cb7cd0448e936fb4abad4052961002b

PODFILE CHECKSUM: ab2474f7a3c4ea249bf867eb9f15b30b28678231

COCOAPODS: 1.10.1
