PODS:
  - audio_player (0.0.1):
    - FlutterMacOS
  - FlutterMacOS (1.0.0)
  - system_clock (0.0.1):
    - FlutterMacOS

DEPENDENCIES:
  - audio_player (from `Flutter/ephemeral/.symlinks/plugins/audio_player/macos`)
  - FlutterMacOS (from `Flutter/ephemeral/.symlinks/flutter/darwin-x64`)
  - system_clock (from `Flutter/ephemeral/.symlinks/plugins/system_clock/macos`)

EXTERNAL SOURCES:
  audio_player:
    :path: Flutter/ephemeral/.symlinks/plugins/audio_player/macos
  FlutterMacOS:
    :path: Flutter/ephemeral/.symlinks/flutter/darwin-x64
  system_clock:
    :path: Flutter/ephemeral/.symlinks/plugins/system_clock/macos

SPEC CHECKSUMS:
  audio_player: 3993d5310127fd5f7dfe7a5f0863b723f01fb246
  FlutterMacOS: 15bea8a44d2fa024068daa0140371c020b4b6ff9
  system_clock: d5fdc00655b062d3b748b612ba32549ee8cb4ddb

PODFILE CHECKSUM: 77099ba0c243b0cab165ba0601a9995e35fa19fb

COCOAPODS: 1.10.0.beta.2
